
Microsoft Visual Studio Solution File, Format Version 12.00
# Visual Studio Version 17
VisualStudioVersion = 17.10.34902.84
MinimumVisualStudioVersion = 10.0.40219.1
Project("{FAE04EC0-301F-11D3-BF4B-00C04F79EFBC}") = "ConsoleApp.MiniToDoList", "ConsoleApp.MiniToDoList\ConsoleApp.MiniToDoList.csproj", "{B8E9D580-D241-46AC-96B6-141D4EDCE8F2}"
EndProject
Global
	GlobalSection(SolutionConfigurationPlatforms) = preSolution
		Debug|Any CPU = Debug|Any CPU
		Release|Any CPU = Release|Any CPU
	EndGlobalSection
	GlobalSection(ProjectConfigurationPlatforms) = postSolution
		{B8E9D580-D241-46AC-96B6-141D4EDCE8F2}.Debug|Any CPU.ActiveCfg = Debug|Any CPU
		{B8E9D580-D241-46AC-96B6-141D4EDCE8F2}.Debug|Any CPU.Build.0 = Debug|Any CPU
		{B8E9D580-D241-46AC-96B6-141D4EDCE8F2}.Release|Any CPU.ActiveCfg = Release|Any CPU
		{B8E9D580-D241-46AC-96B6-141D4EDCE8F2}.Release|Any CPU.Build.0 = Release|Any CPU
	EndGlobalSection
	GlobalSection(SolutionProperties) = preSolution
		HideSolutionNode = FALSE
	EndGlobalSection
	GlobalSection(ExtensibilityGlobals) = postSolution
		SolutionGuid = {12C667BF-C60B-48C2-90C8-ECC134547293}
	EndGlobalSection
EndGlobal
